Microsoft Visual Studio Solution File, Format Version 12.00
# Visual Studio Version 17
VisualStudioVersion = 17.5.2.0
MinimumVisualStudioVersion = 10.0.40219.1
Project("{FAE04EC0-301F-11D3-BF4B-00C04F79EFBC}") = "async", "async\async.csproj", "{D596A324-3E10-A972-97A1-41F4B143AC51}"
EndProject
Project("{FAE04EC0-301F-11D3-BF4B-00C04F79EFBC}") = "benchmark-cli", "benchmark-cli\benchmark-cli.csproj", "{AE9916B7-FD96-00FC-28F6-5CEDE94C22C0}"
EndProject
Project("{FAE04EC0-301F-11D3-BF4B-00C04F79EFBC}") = "shared", "shared\shared.csproj", "{22F72E50-B86A-48A6-4252-6FDC98C636E8}"
EndProject
Project("{FAE04EC0-301F-11D3-BF4B-00C04F79EFBC}") = "sync", "sync\sync.csproj", "{FDA85F03-2B2B-35A0-9CE7-7708AC005F08}"
EndProject
Global
	GlobalSection(SolutionConfigurationPlatforms) = preSolution
		Debug|Any CPU = Debug|Any CPU
		Release|Any CPU = Release|Any CPU
	EndGlobalSection
	GlobalSection(ProjectConfigurationPlatforms) = postSolution
		{D596A324-3E10-A972-97A1-41F4B143AC51}.Debug|Any CPU.ActiveCfg = Debug|Any CPU
		{D596A324-3E10-A972-97A1-41F4B143AC51}.Debug|Any CPU.Build.0 = Debug|Any CPU
		{D596A324-3E10-A972-97A1-41F4B143AC51}.Release|Any CPU.ActiveCfg = Release|Any CPU
		{D596A324-3E10-A972-97A1-41F4B143AC51}.Release|Any CPU.Build.0 = Release|Any CPU
		{AE9916B7-FD96-00FC-28F6-5CEDE94C22C0}.Debug|Any CPU.ActiveCfg = Debug|Any CPU
		{AE9916B7-FD96-00FC-28F6-5CEDE94C22C0}.Debug|Any CPU.Build.0 = Debug|Any CPU
		{AE9916B7-FD96-00FC-28F6-5CEDE94C22C0}.Release|Any CPU.ActiveCfg = Release|Any CPU
		{AE9916B7-FD96-00FC-28F6-5CEDE94C22C0}.Release|Any CPU.Build.0 = Release|Any CPU
		{22F72E50-B86A-48A6-4252-6FDC98C636E8}.Debug|Any CPU.ActiveCfg = Debug|Any CPU
		{22F72E50-B86A-48A6-4252-6FDC98C636E8}.Debug|Any CPU.Build.0 = Debug|Any CPU
		{22F72E50-B86A-48A6-4252-6FDC98C636E8}.Release|Any CPU.ActiveCfg = Release|Any CPU
		{22F72E50-B86A-48A6-4252-6FDC98C636E8}.Release|Any CPU.Build.0 = Release|Any CPU
		{FDA85F03-2B2B-35A0-9CE7-7708AC005F08}.Debug|Any CPU.ActiveCfg = Debug|Any CPU
		{FDA85F03-2B2B-35A0-9CE7-7708AC005F08}.Debug|Any CPU.Build.0 = Debug|Any CPU
		{FDA85F03-2B2B-35A0-9CE7-7708AC005F08}.Release|Any CPU.ActiveCfg = Release|Any CPU
		{FDA85F03-2B2B-35A0-9CE7-7708AC005F08}.Release|Any CPU.Build.0 = Release|Any CPU
	EndGlobalSection
	GlobalSection(SolutionProperties) = preSolution
		HideSolutionNode = FALSE
	EndGlobalSection
	GlobalSection(ExtensibilityGlobals) = postSolution
		SolutionGuid = {9F7F406C-D7B1-4772-9B4D-08F989B242E0}
	EndGlobalSection
EndGlobal
