Microsoft Visual Studio Solution File, Format Version 12.00
# Visual Studio Version 17
VisualStudioVersion = 17.5.2.0
MinimumVisualStudioVersion = 10.0.40219.1
Project("{FAE04EC0-301F-11D3-BF4B-00C04F79EFBC}") = "dotnet-twitch-aggregator", "dotnet-twitch-aggregator.csproj", "{804117AC-F307-6D19-07F1-8B2EC07DFD03}"
EndProject
Global
	GlobalSection(SolutionConfigurationPlatforms) = preSolution
		Debug|Any CPU = Debug|Any CPU
		Release|Any CPU = Release|Any CPU
	EndGlobalSection
	GlobalSection(ProjectConfigurationPlatforms) = postSolution
		{804117AC-F307-6D19-07F1-8B2EC07DFD03}.Debug|Any CPU.ActiveCfg = Debug|Any CPU
		{804117AC-F307-6D19-07F1-8B2EC07DFD03}.Debug|Any CPU.Build.0 = Debug|Any CPU
		{804117AC-F307-6D19-07F1-8B2EC07DFD03}.Release|Any CPU.ActiveCfg = Release|Any CPU
		{804117AC-F307-6D19-07F1-8B2EC07DFD03}.Release|Any CPU.Build.0 = Release|Any CPU
	EndGlobalSection
	GlobalSection(SolutionProperties) = preSolution
		HideSolutionNode = FALSE
	EndGlobalSection
	GlobalSection(ExtensibilityGlobals) = postSolution
		SolutionGuid = {508F7F6B-3798-4EF6-BC5C-B34F7126A1CF}
	EndGlobalSection
EndGlobal
